
Microsoft Visual Studio Solution File, Format Version 12.00
# Visual Studio Version 17
VisualStudioVersion = 17.6.33815.320
MinimumVisualStudioVersion = 10.0.40219.1
Project("{FAE04EC0-301F-11D3-BF4B-00C04F79EFBC}") = "Benzinlik_Uygulamasi", "Benzinlik_Uygulamasi\Benzinlik_Uygulamasi.csproj", "{70BEF082-3A6A-470A-A43D-2EBC8DAA6836}"
EndProject
Global
	GlobalSection(SolutionConfigurationPlatforms) = preSolution
		Debug|Any CPU = Debug|Any CPU
		Release|Any CPU = Release|Any CPU
	EndGlobalSection
	GlobalSection(ProjectConfigurationPlatforms) = postSolution
		{70BEF082-3A6A-470A-A43D-2EBC8DAA6836}.Debug|Any CPU.ActiveCfg = Debug|Any CPU
		{70BEF082-3A6A-470A-A43D-2EBC8DAA6836}.Debug|Any CPU.Build.0 = Debug|Any CPU
		{70BEF082-3A6A-470A-A43D-2EBC8DAA6836}.Release|Any CPU.ActiveCfg = Release|Any CPU
		{70BEF082-3A6A-470A-A43D-2EBC8DAA6836}.Release|Any CPU.Build.0 = Release|Any CPU
	EndGlobalSection
	GlobalSection(SolutionProperties) = preSolution
		HideSolutionNode = FALSE
	EndGlobalSection
	GlobalSection(ExtensibilityGlobals) = postSolution
		SolutionGuid = {53FF0A3E-465B-4846-A59C-59417B13BECA}
	EndGlobalSection
EndGlobal
